
Microsoft Visual Studio Solution File, Format Version 12.00
# Visual Studio Version 16
VisualStudioVersion = 16.0.32901.82
MinimumVisualStudioVersion = 10.0.40219.1
Project("{FAE04EC0-301F-11D3-BF4B-00C04F79EFBC}") = "QWC", "QWC\QWC.csproj", "{7392F74E-402C-425A-AB74-4C08BF61FD60}"
EndProject
Project("{FAE04EC0-301F-11D3-BF4B-00C04F79EFBC}") = "COMRefs", "COMRefs\COMRefs.csproj", "{3F783F44-6302-477A-A47E-371B740036A7}"
EndProject
Global
	GlobalSection(SolutionConfigurationPlatforms) = preSolution
		Debug|Any CPU = Debug|Any CPU
		Release|Any CPU = Release|Any CPU
	EndGlobalSection
	GlobalSection(ProjectConfigurationPlatforms) = postSolution
		{7392F74E-402C-425A-AB74-4C08BF61FD60}.Debug|Any CPU.ActiveCfg = Debug|Any CPU
		{7392F74E-402C-425A-AB74-4C08BF61FD60}.Debug|Any CPU.Build.0 = Debug|Any CPU
		{7392F74E-402C-425A-AB74-4C08BF61FD60}.Release|Any CPU.ActiveCfg = Release|Any CPU
		{7392F74E-402C-425A-AB74-4C08BF61FD60}.Release|Any CPU.Build.0 = Release|Any CPU
		{3F783F44-6302-477A-A47E-371B740036A7}.Debug|Any CPU.ActiveCfg = Debug|Any CPU
		{3F783F44-6302-477A-A47E-371B740036A7}.Debug|Any CPU.Build.0 = Debug|Any CPU
		{3F783F44-6302-477A-A47E-371B740036A7}.Release|Any CPU.ActiveCfg = Release|Any CPU
		{3F783F44-6302-477A-A47E-371B740036A7}.Release|Any CPU.Build.0 = Release|Any CPU
	EndGlobalSection
	GlobalSection(SolutionProperties) = preSolution
		HideSolutionNode = FALSE
	EndGlobalSection
	GlobalSection(ExtensibilityGlobals) = postSolution
		SolutionGuid = {BD790728-A133-401D-A90C-6B319DA1B9AF}
	EndGlobalSection
EndGlobal
